
Microsoft Visual Studio Solution File, Format Version 12.00
# Visual Studio Version 16
VisualStudioVersion = 16.0.32929.386
MinimumVisualStudioVersion = 10.0.40219.1
Project("{FAE04EC0-301F-11D3-BF4B-00C04F79EFBC}") = "Odnimer_mass", "Odnimer_mass.csproj", "{37779D7A-0724-4B07-A1E7-2BE82AD55196}"
EndProject
Global
	GlobalSection(SolutionConfigurationPlatforms) = preSolution
		Debug|Any CPU = Debug|Any CPU
		Release|Any CPU = Release|Any CPU
	EndGlobalSection
	GlobalSection(ProjectConfigurationPlatforms) = postSolution
		{37779D7A-0724-4B07-A1E7-2BE82AD55196}.Debug|Any CPU.ActiveCfg = Debug|Any CPU
		{37779D7A-0724-4B07-A1E7-2BE82AD55196}.Debug|Any CPU.Build.0 = Debug|Any CPU
		{37779D7A-0724-4B07-A1E7-2BE82AD55196}.Release|Any CPU.ActiveCfg = Release|Any CPU
		{37779D7A-0724-4B07-A1E7-2BE82AD55196}.Release|Any CPU.Build.0 = Release|Any CPU
	EndGlobalSection
	GlobalSection(SolutionProperties) = preSolution
		HideSolutionNode = FALSE
	EndGlobalSection
	GlobalSection(ExtensibilityGlobals) = postSolution
		SolutionGuid = {52059959-3160-45A2-A236-8FCE3A3FEF82}
	EndGlobalSection
EndGlobal
